
Microsoft Visual Studio Solution File, Format Version 12.00
# Visual Studio Version 17
VisualStudioVersion = 17.14.36623.8 d17.14
MinimumVisualStudioVersion = 10.0.40219.1
Project("{FAE04EC0-301F-11D3-BF4B-00C04F79EFBC}") = "Maze Final Proj - ITEC 102", "Maze Final Proj - ITEC 102.csproj", "{47E648C3-6EFE-47D5-AE6D-2D05ED9CFA17}"
EndProject
Global
	GlobalSection(SolutionConfigurationPlatforms) = preSolution
		Debug|Any CPU = Debug|Any CPU
		Release|Any CPU = Release|Any CPU
	EndGlobalSection
	GlobalSection(ProjectConfigurationPlatforms) = postSolution
		{47E648C3-6EFE-47D5-AE6D-2D05ED9CFA17}.Debug|Any CPU.ActiveCfg = Debug|Any CPU
		{47E648C3-6EFE-47D5-AE6D-2D05ED9CFA17}.Debug|Any CPU.Build.0 = Debug|Any CPU
		{47E648C3-6EFE-47D5-AE6D-2D05ED9CFA17}.Release|Any CPU.ActiveCfg = Release|Any CPU
		{47E648C3-6EFE-47D5-AE6D-2D05ED9CFA17}.Release|Any CPU.Build.0 = Release|Any CPU
	EndGlobalSection
	GlobalSection(SolutionProperties) = preSolution
		HideSolutionNode = FALSE
	EndGlobalSection
	GlobalSection(ExtensibilityGlobals) = postSolution
		SolutionGuid = {FA15144B-A298-40E2-8633-2B6705D4DD65}
	EndGlobalSection
EndGlobal
